// !$*UTF8*$!
{
	archiveVersion = 1;
	classes = {
	};
	objectVersion = 50;
	objects = {

/* Begin PBXBuildFile section */
		7353908324EFDD7E00D84174 /* background.jpg in Resources */ = {isa = PBXBuildFile; fileRef = 7353908224EFDD7E00D84174 /* background.jpg */; };
		7366097324ED137600C1FD17 /* AppDelegate.swift in Sources */ = {isa = PBXBuildFile; fileRef = 7366097224ED137600C1FD17 /* AppDelegate.swift */; };
		7366097524ED137600C1FD17 /* SceneDelegate.swift in Sources */ = {isa = PBXBuildFile; fileRef = 7366097424ED137600C1FD17 /* SceneDelegate.swift */; };
		7366097A24ED137600C1FD17 /* Main.storyboard in Resources */ = {isa = PBXBuildFile; fileRef = 7366097824ED137600C1FD17 /* Main.storyboard */; };
		7366097C24ED137700C1FD17 /* Assets.xcassets in Resources */ = {isa = PBXBuildFile; fileRef = 7366097B24ED137700C1FD17 /* Assets.xcassets */; };
		7366097F24ED137700C1FD17 /* LaunchScreen.storyboard in Resources */ = {isa = PBXBuildFile; fileRef = 7366097D24ED137700C1FD17 /* LaunchScreen.storyboard */; };
		7366098724ED13B700C1FD17 /* WelcomeController.swift in Sources */ = {isa = PBXBuildFile; fileRef = 7366098624ED13B700C1FD17 /* WelcomeController.swift */; };
		7366098924ED151900C1FD17 /* MainController.swift in Sources */ = {isa = PBXBuildFile; fileRef = 7366098824ED151900C1FD17 /* MainController.swift */; };
		737621B824EE7EDB00CDE72F /* ResultViewController.swift in Sources */ = {isa = PBXBuildFile; fileRef = 737621B724EE7EDB00CDE72F /* ResultViewController.swift */; };
/* End PBXBuildFile section */

/* Begin PBXFileReference section */
		7353908224EFDD7E00D84174 /* background.jpg */ = {isa = PBXFileReference; lastKnownFileType = image.jpeg; name = background.jpg; path = ../../../../../Downloads/background.jpg; sourceTree = "<group>"; };
		7366096F24ED137600C1FD17 /* MyCalculateApp.app */ = {isa = PBXFileReference; explicitFileType = wrapper.application; includeInIndex = 0; path = MyCalculateApp.app; sourceTree = BUILT_PRODUCTS_DIR; };
		7366097224ED137600C1FD17 /* AppDelegate.swift */ = {isa = PBXFileReference; lastKnownFileType = sourcecode.swift; path = AppDelegate.swift; sourceTree = "<group>"; };
		7366097424ED137600C1FD17 /* SceneDelegate.swift */ = {isa = PBXFileReference; lastKnownFileType = sourcecode.swift; path = SceneDelegate.swift; sourceTree = "<group>"; };
		7366097924ED137600C1FD17 /* Base */ = {isa = PBXFileReference; lastKnownFileType = file.storyboard; name = Base; path = Base.lproj/Main.storyboard; sourceTree = "<group>"; };
		7366097B24ED137700C1FD17 /* Assets.xcassets */ = {isa = PBXFileReference; lastKnownFileType = folder.assetcatalog; path = Assets.xcassets; sourceTree = "<group>"; };
		7366097E24ED137700C1FD17 /* Base */ = {isa = PBXFileReference; lastKnownFileType = file.storyboard; name = Base; path = Base.lproj/LaunchScreen.storyboard; sourceTree = "<group>"; };
		7366098024ED137700C1FD17 /* Info.plist */ = {isa = PBXFileReference; lastKnownFileType = text.plist.xml; path = Info.plist; sourceTree = "<group>"; };
		7366098624ED13B700C1FD17 /* WelcomeController.swift */ = {isa = PBXFileReference; lastKnownFileType = sourcecode.swift; path = WelcomeController.swift; sourceTree = "<group>"; };
		7366098824ED151900C1FD17 /* MainController.swift */ = {isa = PBXFileReference; lastKnownFileType = sourcecode.swift; path = MainController.swift; sourceTree = "<group>"; };
		737621B724EE7EDB00CDE72F /* ResultViewController.swift */ = {isa = PBXFileReference; lastKnownFileType = sourcecode.swift; path = ResultViewController.swift; sourceTree = "<group>"; };
/* End PBXFileReference section */

/* Begin PBXFrameworksBuildPhase section */
		7366096C24ED137600C1FD17 /* Frameworks */ = {
			isa = PBXFrameworksBuildPhase;
			buildActionMask = 2147483647;
			files = (
			);
			runOnlyForDeploymentPostprocessing = 0;
		};
/* End PBXFrameworksBuildPhase section */

/* Begin PBXGroup section */
		7366096624ED137600C1FD17 = {
			isa = PBXGroup;
			children = (
				7366097124ED137600C1FD17 /* MyCalculateApp */,
				7366097024ED137600C1FD17 /* Products */,
			);
			sourceTree = "<group>";
		};
		7366097024ED137600C1FD17 /* Products */ = {
			isa = PBXGroup;
			children = (
				7366096F24ED137600C1FD17 /* MyCalculateApp.app */,
			);
			name = Products;
			sourceTree = "<group>";
		};
		7366097124ED137600C1FD17 /* MyCalculateApp */ = {
			isa = PBXGroup;
			children = (
				7353908224EFDD7E00D84174 /* background.jpg */,
				7366097224ED137600C1FD17 /* AppDelegate.swift */,
				7366097424ED137600C1FD17 /* SceneDelegate.swift */,
				7366098624ED13B700C1FD17 /* WelcomeController.swift */,
				7366098824ED151900C1FD17 /* MainController.swift */,
				737621B724EE7EDB00CDE72F /* ResultViewController.swift */,
				7366097824ED137600C1FD17 /* Main.storyboard */,
				7366097B24ED137700C1FD17 /* Assets.xcassets */,
				7366097D24ED137700C1FD17 /* LaunchScreen.storyboard */,
				7366098024ED137700C1FD17 /* Info.plist */,
			);
			path = MyCalculateApp;
			sourceTree = "<group>";
		};
/* End PBXGroup section */

/* Begin PBXNativeTarget section */
		7366096E24ED137600C1FD17 /* MyCalculateApp */ = {
			isa = PBXNativeTarget;
			buildConfigurationList = 7366098324ED137700C1FD17 /* Build configuration list for PBXNativeTarget "MyCalculateApp" */;
			buildPhases = (
				7366096B24ED137600C1FD17 /* Sources */,
				7366096C24ED137600C1FD17 /* Frameworks */,
				7366096D24ED137600C1FD17 /* Resources */,
			);
			buildRules = (
			);
			dependencies = (
			);
			name = MyCalculateApp;
			productName = MyCalculateApp;
			productReference = 7366096F24ED137600C1FD17 /* MyCalculateApp.app */;
			productType = "com.apple.product-type.application";
		};
/* End PBXNativeTarget section */

/* Begin PBXProject section */
		7366096724ED137600C1FD17 /* Project object */ = {
			isa = PBXProject;
			attributes = {
				LastSwiftUpdateCheck = 1160;
				LastUpgradeCheck = 1160;
				ORGANIZATIONNAME = "THUY Nguyen Duong Thu";
				TargetAttributes = {
					7366096E24ED137600C1FD17 = {
						CreatedOnToolsVersion = 11.6;
					};
				};
			};
			buildConfigurationList = 7366096A24ED137600C1FD17 /* Build configuration list for PBXProject "MyCalculateApp" */;
			compatibilityVersion = "Xcode 9.3";
			developmentRegion = en;
			hasScannedForEncodings = 0;
			knownRegions = (
				en,
				Base,
			);
			mainGroup = 7366096624ED137600C1FD17;
			productRefGroup = 7366097024ED137600C1FD17 /* Products */;
			projectDirPath = "";
			projectRoot = "";
			targets = (
				7366096E24ED137600C1FD17 /* MyCalculateApp */,
			);
		};
/* End PBXProject section */

/* Begin PBXResourcesBuildPhase section */
		7366096D24ED137600C1FD17 /* Resources */ = {
			isa = PBXResourcesBuildPhase;
			buildActionMask = 2147483647;
			files = (
				7366097F24ED137700C1FD17 /* LaunchScreen.storyboard in Resources */,
				7353908324EFDD7E00D84174 /* background.jpg in Resources */,
				7366097C24ED137700C1FD17 /* Assets.xcassets in Resources */,
				7366097A24ED137600C1FD17 /* Main.storyboard in Resources */,
			);
			runOnlyForDeploymentPostprocessing = 0;
		};
/* End PBXResourcesBuildPhase section */

/* Begin PBXSourcesBuildPhase section */
		7366096B24ED137600C1FD17 /* Sources */ = {
			isa = PBXSourcesBuildPhase;
			buildActionMask = 2147483647;
			files = (
				737621B824EE7EDB00CDE72F /* ResultViewController.swift in Sources */,
				7366098924ED151900C1FD17 /* MainController.swift in Sources */,
				7366098724ED13B700C1FD17 /* WelcomeController.swift in Sources */,
				7366097324ED137600C1FD17 /* AppDelegate.swift in Sources */,
				7366097524ED137600C1FD17 /* SceneDelegate.swift in Sources */,
			);
			runOnlyForDeploymentPostprocessing = 0;
		};
/* End PBXSourcesBuildPhase section */

/* Begin PBXVariantGroup section */
		7366097824ED137600C1FD17 /* Main.storyboard */ = {
			isa = PBXVariantGroup;
			children = (
				7366097924ED137600C1FD17 /* Base */,
			);
			name = Main.storyboard;
			sourceTree = "<group>";
		};
		7366097D24ED137700C1FD17 /* LaunchScreen.storyboard */ = {
			isa = PBXVariantGroup;
			children = (
				7366097E24ED137700C1FD17 /* Base */,
			);
			name = LaunchScreen.storyboard;
			sourceTree = "<group>";
		};
/* End PBXVariantGroup section */

/* Begin XCBuildConfiguration section */
		7366098124ED137700C1FD17 /* Debug */ = {
			isa = XCBuildConfiguration;
			buildSettings = {
				ALWAYS_SEARCH_USER_PATHS = NO;
				CLANG_ANALYZER_NONNULL = YES;
				CLANG_ANALYZER_NUMBER_OBJECT_CONVERSION = YES_AGGRESSIVE;
				CLANG_CXX_LANGUAGE_STANDARD = "gnu++14";
				CLANG_CXX_LIBRARY = "libc++";
				CLANG_ENABLE_MODULES = YES;
				CLANG_ENABLE_OBJC_ARC = YES;
				CLANG_ENABLE_OBJC_WEAK = YES;
				CLANG_WARN_BLOCK_CAPTURE_AUTORELEASING = YES;
				CLANG_WARN_BOOL_CONVERSION = YES;
				CLANG_WARN_COMMA = YES;
				CLANG_WARN_CONSTANT_CONVERSION = YES;
				CLANG_WARN_DEPRECATED_OBJC_IMPLEMENTATIONS = YES;
				CLANG_WARN_DIRECT_OBJC_ISA_USAGE = YES_ERROR;
				CLANG_WARN_DOCUMENTATION_COMMENTS = YES;
				CLANG_WARN_EMPTY_BODY = YES;
				CLANG_WARN_ENUM_CONVERSION = YES;
				CLANG_WARN_INFINITE_RECURSION = YES;
				CLANG_WARN_INT_CONVERSION = YES;
				CLANG_WARN_NON_LITERAL_NULL_CONVERSION = YES;
				CLANG_WARN_OBJC_IMPLICIT_RETAIN_SELF = YES;
				CLANG_WARN_OBJC_LITERAL_CONVERSION = YES;
				CLANG_WARN_OBJC_ROOT_CLASS = YES_ERROR;
				CLANG_WARN_RANGE_LOOP_ANALYSIS = YES;
				CLANG_WARN_STRICT_PROTOTYPES = YES;
				CLANG_WARN_SUSPICIOUS_MOVE = YES;
				CLANG_WARN_UNGUARDED_AVAILABILITY = YES_AGGRESSIVE;
				CLANG_WARN_UNREACHABLE_CODE = YES;
				CLANG_WARN__DUPLICATE_METHOD_MATCH = YES;
				COPY_PHASE_STRIP = NO;
				DEBUG_INFORMATION_FORMAT = dwarf;
				ENABLE_STRICT_OBJC_MSGSEND = YES;
				ENABLE_TESTABILITY = YES;
				GCC_C_LANGUAGE_STANDARD = gnu11;
				GCC_DYNAMIC_NO_PIC = NO;
				GCC_NO_COMMON_BLOCKS = YES;
				GCC_OPTIMIZATION_LEVEL = 0;
				GCC_PREPROCESSOR_DEFINITIONS = (
					"DEBUG=1",
					"$(inherited)",
				);
				GCC_WARN_64_TO_32_BIT_CONVERSION = YES;
				GCC_WARN_ABOUT_RETURN_TYPE = YES_ERROR;
				GCC_WARN_UNDECLARED_SELECTOR = YES;
				GCC_WARN_UNINITIALIZED_AUTOS = YES_AGGRESSIVE;
				GCC_WARN_UNUSED_FUNCTION = YES;
				GCC_WARN_UNUSED_VARIABLE = YES;
				IPHONEOS_DEPLOYMENT_TARGET = 13.6;
				MTL_ENABLE_DEBUG_INFO = INCLUDE_SOURCE;
				MTL_FAST_MATH = YES;
				ONLY_ACTIVE_ARCH = YES;
				SDKROOT = iphoneos;
				SWIFT_ACTIVE_COMPILATION_CONDITIONS = DEBUG;
				SWIFT_OPTIMIZATION_LEVEL = "-Onone";
			};
			name = Debug;
		};
		7366098224ED137700C1FD17 /* Release */ = {
			isa = XCBuildConfiguration;
			buildSettings = {
				ALWAYS_SEARCH_USER_PATHS = NO;
				CLANG_ANALYZER_NONNULL = YES;
				CLANG_ANALYZER_NUMBER_OBJECT_CONVERSION = YES_AGGRESSIVE;
				CLANG_CXX_LANGUAGE_STANDARD = "gnu++14";
				CLANG_CXX_LIBRARY = "libc++";
				CLANG_ENABLE_MODULES = YES;
				CLANG_ENABLE_OBJC_ARC = YES;
				CLANG_ENABLE_OBJC_WEAK = YES;
				CLANG_WARN_BLOCK_CAPTURE_AUTORELEASING = YES;
				CLANG_WARN_BOOL_CONVERSION = YES;
				CLANG_WARN_COMMA = YES;
				CLANG_WARN_CONSTANT_CONVERSION = YES;
				CLANG_WARN_DEPRECATED_OBJC_IMPLEMENTATIONS = YES;
				CLANG_WARN_DIRECT_OBJC_ISA_USAGE = YES_ERROR;
				CLANG_WARN_DOCUMENTATION_COMMENTS = YES;
				CLANG_WARN_EMPTY_BODY = YES;
				CLANG_WARN_ENUM_CONVERSION = YES;
				CLANG_WARN_INFINITE_RECURSION = YES;
				CLANG_WARN_INT_CONVERSION = YES;
				CLANG_WARN_NON_LITERAL_NULL_CONVERSION = YES;
				CLANG_WARN_OBJC_IMPLICIT_RETAIN_SELF = YES;
				CLANG_WARN_OBJC_LITERAL_CONVERSION = YES;
				CLANG_WARN_OBJC_ROOT_CLASS = YES_ERROR;
				CLANG_WARN_RANGE_LOOP_ANALYSIS = YES;
				CLANG_WARN_STRICT_PROTOTYPES = YES;
				CLANG_WARN_SUSPICIOUS_MOVE = YES;
				CLANG_WARN_UNGUARDED_AVAILABILITY = YES_AGGRESSIVE;
				CLANG_WARN_UNREACHABLE_CODE = YES;
				CLANG_WARN__DUPLICATE_METHOD_MATCH = YES;
				COPY_PHASE_STRIP = NO;
				DEBUG_INFORMATION_FORMAT = "dwarf-with-dsym";
				ENABLE_NS_ASSERTIONS = NO;
				ENABLE_STRICT_OBJC_MSGSEND = YES;
				GCC_C_LANGUAGE_STANDARD = gnu11;
				GCC_NO_COMMON_BLOCKS = YES;
				GCC_WARN_64_TO_32_BIT_CONVERSION = YES;
				GCC_WARN_ABOUT_RETURN_TYPE = YES_ERROR;
				GCC_WARN_UNDECLARED_SELECTOR = YES;
				GCC_WARN_UNINITIALIZED_AUTOS = YES_AGGRESSIVE;
				GCC_WARN_UNUSED_FUNCTION = YES;
				GCC_WARN_UNUSED_VARIABLE = YES;
				IPHONEOS_DEPLOYMENT_TARGET = 13.6;
				MTL_ENABLE_DEBUG_INFO = NO;
				MTL_FAST_MATH = YES;
				SDKROOT = iphoneos;
				SWIFT_COMPILATION_MODE = wholemodule;
				SWIFT_OPTIMIZATION_LEVEL = "-O";
				VALIDATE_PRODUCT = YES;
			};
			name = Release;
		};
		7366098424ED137700C1FD17 /* Debug */ = {
			isa = XCBuildConfiguration;
			buildSettings = {
				ASSETCATALOG_COMPILER_APPICON_NAME = AppIcon;
				CODE_SIGN_STYLE = Automatic;
				INFOPLIST_FILE = MyCalculateApp/Info.plist;
				LD_RUNPATH_SEARCH_PATHS = (
					"$(inherited)",
					"@executable_path/Frameworks",
				);
				PRODUCT_BUNDLE_IDENTIFIER = VTI.MyCalculateApp;
				PRODUCT_NAME = "$(TARGET_NAME)";
				SWIFT_VERSION = 5.0;
				TARGETED_DEVICE_FAMILY = "1,2";
			};
			name = Debug;
		};
		7366098524ED137700C1FD17 /* Release */ = {
			isa = XCBuildConfiguration;
			buildSettings = {
				ASSETCATALOG_COMPILER_APPICON_NAME = AppIcon;
				CODE_SIGN_STYLE = Automatic;
				INFOPLIST_FILE = MyCalculateApp/Info.plist;
				LD_RUNPATH_SEARCH_PATHS = (
					"$(inherited)",
					"@executable_path/Frameworks",
				);
				PRODUCT_BUNDLE_IDENTIFIER = VTI.MyCalculateApp;
				PRODUCT_NAME = "$(TARGET_NAME)";
				SWIFT_VERSION = 5.0;
				TARGETED_DEVICE_FAMILY = "1,2";
			};
			name = Release;
		};
/* End XCBuildConfiguration section */

/* Begin XCConfigurationList section */
		7366096A24ED137600C1FD17 /* Build configuration list for PBXProject "MyCalculateApp" */ = {
			isa = XCConfigurationList;
			buildConfigurations = (
				7366098124ED137700C1FD17 /* Debug */,
				7366098224ED137700C1FD17 /* Release */,
			);
			defaultConfigurationIsVisible = 0;
			defaultConfigurationName = Release;
		};
		7366098324ED137700C1FD17 /* Build configuration list for PBXNativeTarget "MyCalculateApp" */ = {
			isa = XCConfigurationList;
			buildConfigurations = (
				7366098424ED137700C1FD17 /* Debug */,
				7366098524ED137700C1FD17 /* Release */,
			);
			defaultConfigurationIsVisible = 0;
			defaultConfigurationName = Release;
		};
/* End XCConfigurationList section */
	};
	rootObject = 7366096724ED137600C1FD17 /* Project object */;
}
